
Microsoft Visual Studio Solution File, Format Version 12.00
# Visual Studio 15
VisualStudioVersion = 15.0.28010.2046
MinimumVisualStudioVersion = 10.0.40219.1
Project("{8BC9CEB8-8B4A-11D0-8D11-00A0C91BC942}") = "Project1", "src\Project1.vcxproj", "{39F8B8FC-185E-4AB2-BDE4-3A81BCF5CBD8}"
EndProject
Project("{8BC9CEB8-8B4A-11D0-8D11-00A0C91BC942}") = "ConsoleApplication1", "ConsoleApplication1\ConsoleApplication1.vcxproj", "{45DE98F7-5954-4984-94B4-35527C0D39CE}"
EndProject
Global
	GlobalSection(SolutionConfigurationPlatforms) = preSolution
		Debug|x64 = Debug|x64
		Debug|x86 = Debug|x86
		Release|x64 = Release|x64
		Release|x86 = Release|x86
	EndGlobalSection
	GlobalSection(ProjectConfigurationPlatforms) = postSolution
		{39F8B8FC-185E-4AB2-BDE4-3A81BCF5CBD8}.Debug|x64.ActiveCfg = Debug|x64
		{39F8B8FC-185E-4AB2-BDE4-3A81BCF5CBD8}.Debug|x64.Build.0 = Debug|x64
		{39F8B8FC-185E-4AB2-BDE4-3A81BCF5CBD8}.Debug|x86.ActiveCfg = Debug|Win32
		{39F8B8FC-185E-4AB2-BDE4-3A81BCF5CBD8}.Debug|x86.Build.0 = Debug|Win32
		{39F8B8FC-185E-4AB2-BDE4-3A81BCF5CBD8}.Release|x64.ActiveCfg = Release|x64
		{39F8B8FC-185E-4AB2-BDE4-3A81BCF5CBD8}.Release|x64.Build.0 = Release|x64
		{39F8B8FC-185E-4AB2-BDE4-3A81BCF5CBD8}.Release|x86.ActiveCfg = Release|Win32
		{39F8B8FC-185E-4AB2-BDE4-3A81BCF5CBD8}.Release|x86.Build.0 = Release|Win32
		{45DE98F7-5954-4984-94B4-35527C0D39CE}.Debug|x64.ActiveCfg = Debug|x64
		{45DE98F7-5954-4984-94B4-35527C0D39CE}.Debug|x64.Build.0 = Debug|x64
		{45DE98F7-5954-4984-94B4-35527C0D39CE}.Debug|x86.ActiveCfg = Debug|Win32
		{45DE98F7-5954-4984-94B4-35527C0D39CE}.Debug|x86.Build.0 = Debug|Win32
		{45DE98F7-5954-4984-94B4-35527C0D39CE}.Release|x64.ActiveCfg = Release|x64
		{45DE98F7-5954-4984-94B4-35527C0D39CE}.Release|x64.Build.0 = Release|x64
		{45DE98F7-5954-4984-94B4-35527C0D39CE}.Release|x86.ActiveCfg = Release|Win32
		{45DE98F7-5954-4984-94B4-35527C0D39CE}.Release|x86.Build.0 = Release|Win32
	EndGlobalSection
	GlobalSection(SolutionProperties) = preSolution
		HideSolutionNode = FALSE
	EndGlobalSection
	GlobalSection(ExtensibilityGlobals) = postSolution
		SolutionGuid = {C7457F6B-A51D-4075-9C00-8132F82F0479}
	EndGlobalSection
EndGlobal
